
Microsoft Visual Studio Solution File, Format Version 12.00
# Visual Studio Version 17
VisualStudioVersion = 17.5.33424.131
MinimumVisualStudioVersion = 10.0.40219.1
Project("{FAE04EC0-301F-11D3-BF4B-00C04F79EFBC}") = "RocketUI", "RocketUI\RocketUI.csproj", "{9DD52EC9-B42C-4CFD-BAB2-7CD88EF5916B}"
EndProject
Global
	GlobalSection(SolutionConfigurationPlatforms) = preSolution
		Debug|Any CPU = Debug|Any CPU
		Release|Any CPU = Release|Any CPU
	EndGlobalSection
	GlobalSection(ProjectConfigurationPlatforms) = postSolution
		{9DD52EC9-B42C-4CFD-BAB2-7CD88EF5916B}.Debug|Any CPU.ActiveCfg = Debug|Any CPU
		{9DD52EC9-B42C-4CFD-BAB2-7CD88EF5916B}.Debug|Any CPU.Build.0 = Debug|Any CPU
		{9DD52EC9-B42C-4CFD-BAB2-7CD88EF5916B}.Release|Any CPU.ActiveCfg = Release|Any CPU
		{9DD52EC9-B42C-4CFD-BAB2-7CD88EF5916B}.Release|Any CPU.Build.0 = Release|Any CPU
	EndGlobalSection
	GlobalSection(SolutionProperties) = preSolution
		HideSolutionNode = FALSE
	EndGlobalSection
	GlobalSection(ExtensibilityGlobals) = postSolution
		SolutionGuid = {6FBACD50-01CB-4D06-94F5-ACCF632E3190}
	EndGlobalSection
EndGlobal
